Microsoft Visual Studio Solution File, Format Version 12.00
# Visual Studio Version 17
VisualStudioVersion = 17.5.2.0
MinimumVisualStudioVersion = 10.0.40219.1
Project("{2150E333-8FDC-42A3-9474-1A3956D46DE8}") = "C#", "C#", "{1DBD47E2-544B-F58A-27AE-70AE938492FA}"
EndProject
Project("{2150E333-8FDC-42A3-9474-1A3956D46DE8}") = "Aulas", "Aulas", "{1428D4EC-2852-5229-E098-4316FEBA5965}"
EndProject
Project("{FAE04EC0-301F-11D3-BF4B-00C04F79EFBC}") = "Aula08", "C#\Aulas\Aula08\Aula08.csproj", "{D09F34AB-F89D-68C0-C66F-EFA796693979}"
EndProject
Project("{FAE04EC0-301F-11D3-BF4B-00C04F79EFBC}") = "Aula04", "C#\Aulas\Aula04\Aula04.csproj", "{9FD9D2EC-F0EE-07C8-65E8-302906E7FE5A}"
EndProject
Project("{FAE04EC0-301F-11D3-BF4B-00C04F79EFBC}") = "Aula09", "C#\Aulas\Aula09\Aula09.csproj", "{CAD4B722-8F57-1FD4-E897-62662CD7F776}"
EndProject
Project("{FAE04EC0-301F-11D3-BF4B-00C04F79EFBC}") = "Aula10", "C#\Aulas\Aula10\Aula10.csproj", "{3C61D1DB-24C8-770F-53CA-36A100401DAA}"
EndProject
Project("{FAE04EC0-301F-11D3-BF4B-00C04F79EFBC}") = "Aula07", "C#\Aulas\Aula07\Aula07.csproj", "{5AC130CB-49BE-61CC-403C-38A03D048111}"
EndProject
Project("{FAE04EC0-301F-11D3-BF4B-00C04F79EFBC}") = "Aula03", "C#\Aulas\Aula03\Aula03.csproj", "{19FA0BCE-76FF-C0DF-D058-678E97342ADD}"
EndProject
Project("{FAE04EC0-301F-11D3-BF4B-00C04F79EFBC}") = "Aula06", "C#\Aulas\Aula06\Aula06.csproj", "{E914E78D-F071-5094-DEC2-E44A087125E4}"
EndProject
Project("{FAE04EC0-301F-11D3-BF4B-00C04F79EFBC}") = "Aula05", "C#\Aulas\Aula05\Aula05.csproj", "{71F6A3C3-7EAD-C7AD-7D18-CB1988A1FEF6}"
EndProject
Project("{FAE04EC0-301F-11D3-BF4B-00C04F79EFBC}") = "Aula02", "C#\Aulas\Aula02\Aula02.csproj", "{0DD5A2A1-7585-CAF3-AC3C-24DF8BC3AE1B}"
EndProject
Project("{2150E333-8FDC-42A3-9474-1A3956D46DE8}") = "Aula01.cs", "Aula01.cs", "{4E16850F-6A8C-0D07-F5AC-3290A320FBE8}"
EndProject
Project("{FAE04EC0-301F-11D3-BF4B-00C04F79EFBC}") = "Aula01", "C#\Aulas\Aula01.cs\Aula01\Aula01.csproj", "{9CBE2FAF-33EA-65C3-8353-17900FF5A28A}"
EndProject
Global
	GlobalSection(SolutionConfigurationPlatforms) = preSolution
		Debug|Any CPU = Debug|Any CPU
		Release|Any CPU = Release|Any CPU
	EndGlobalSection
	GlobalSection(ProjectConfigurationPlatforms) = postSolution
		{D09F34AB-F89D-68C0-C66F-EFA796693979}.Debug|Any CPU.ActiveCfg = Debug|Any CPU
		{D09F34AB-F89D-68C0-C66F-EFA796693979}.Debug|Any CPU.Build.0 = Debug|Any CPU
		{D09F34AB-F89D-68C0-C66F-EFA796693979}.Release|Any CPU.ActiveCfg = Release|Any CPU
		{D09F34AB-F89D-68C0-C66F-EFA796693979}.Release|Any CPU.Build.0 = Release|Any CPU
		{9FD9D2EC-F0EE-07C8-65E8-302906E7FE5A}.Debug|Any CPU.ActiveCfg = Debug|Any CPU
		{9FD9D2EC-F0EE-07C8-65E8-302906E7FE5A}.Debug|Any CPU.Build.0 = Debug|Any CPU
		{9FD9D2EC-F0EE-07C8-65E8-302906E7FE5A}.Release|Any CPU.ActiveCfg = Release|Any CPU
		{9FD9D2EC-F0EE-07C8-65E8-302906E7FE5A}.Release|Any CPU.Build.0 = Release|Any CPU
		{CAD4B722-8F57-1FD4-E897-62662CD7F776}.Debug|Any CPU.ActiveCfg = Debug|Any CPU
		{CAD4B722-8F57-1FD4-E897-62662CD7F776}.Debug|Any CPU.Build.0 = Debug|Any CPU
		{CAD4B722-8F57-1FD4-E897-62662CD7F776}.Release|Any CPU.ActiveCfg = Release|Any CPU
		{CAD4B722-8F57-1FD4-E897-62662CD7F776}.Release|Any CPU.Build.0 = Release|Any CPU
		{3C61D1DB-24C8-770F-53CA-36A100401DAA}.Debug|Any CPU.ActiveCfg = Debug|Any CPU
		{3C61D1DB-24C8-770F-53CA-36A100401DAA}.Debug|Any CPU.Build.0 = Debug|Any CPU
		{3C61D1DB-24C8-770F-53CA-36A100401DAA}.Release|Any CPU.ActiveCfg = Release|Any CPU
		{3C61D1DB-24C8-770F-53CA-36A100401DAA}.Release|Any CPU.Build.0 = Release|Any CPU
		{5AC130CB-49BE-61CC-403C-38A03D048111}.Debug|Any CPU.ActiveCfg = Debug|Any CPU
		{5AC130CB-49BE-61CC-403C-38A03D048111}.Debug|Any CPU.Build.0 = Debug|Any CPU
		{5AC130CB-49BE-61CC-403C-38A03D048111}.Release|Any CPU.ActiveCfg = Release|Any CPU
		{5AC130CB-49BE-61CC-403C-38A03D048111}.Release|Any CPU.Build.0 = Release|Any CPU
		{19FA0BCE-76FF-C0DF-D058-678E97342ADD}.Debug|Any CPU.ActiveCfg = Debug|Any CPU
		{19FA0BCE-76FF-C0DF-D058-678E97342ADD}.Debug|Any CPU.Build.0 = Debug|Any CPU
		{19FA0BCE-76FF-C0DF-D058-678E97342ADD}.Release|Any CPU.ActiveCfg = Release|Any CPU
		{19FA0BCE-76FF-C0DF-D058-678E97342ADD}.Release|Any CPU.Build.0 = Release|Any CPU
		{E914E78D-F071-5094-DEC2-E44A087125E4}.Debug|Any CPU.ActiveCfg = Debug|Any CPU
		{E914E78D-F071-5094-DEC2-E44A087125E4}.Debug|Any CPU.Build.0 = Debug|Any CPU
		{E914E78D-F071-5094-DEC2-E44A087125E4}.Release|Any CPU.ActiveCfg = Release|Any CPU
		{E914E78D-F071-5094-DEC2-E44A087125E4}.Release|Any CPU.Build.0 = Release|Any CPU
		{71F6A3C3-7EAD-C7AD-7D18-CB1988A1FEF6}.Debug|Any CPU.ActiveCfg = Debug|Any CPU
		{71F6A3C3-7EAD-C7AD-7D18-CB1988A1FEF6}.Debug|Any CPU.Build.0 = Debug|Any CPU
		{71F6A3C3-7EAD-C7AD-7D18-CB1988A1FEF6}.Release|Any CPU.ActiveCfg = Release|Any CPU
		{71F6A3C3-7EAD-C7AD-7D18-CB1988A1FEF6}.Release|Any CPU.Build.0 = Release|Any CPU
		{0DD5A2A1-7585-CAF3-AC3C-24DF8BC3AE1B}.Debug|Any CPU.ActiveCfg = Debug|Any CPU
		{0DD5A2A1-7585-CAF3-AC3C-24DF8BC3AE1B}.Debug|Any CPU.Build.0 = Debug|Any CPU
		{0DD5A2A1-7585-CAF3-AC3C-24DF8BC3AE1B}.Release|Any CPU.ActiveCfg = Release|Any CPU
		{0DD5A2A1-7585-CAF3-AC3C-24DF8BC3AE1B}.Release|Any CPU.Build.0 = Release|Any CPU
		{9CBE2FAF-33EA-65C3-8353-17900FF5A28A}.Debug|Any CPU.ActiveCfg = Debug|Any CPU
		{9CBE2FAF-33EA-65C3-8353-17900FF5A28A}.Debug|Any CPU.Build.0 = Debug|Any CPU
		{9CBE2FAF-33EA-65C3-8353-17900FF5A28A}.Release|Any CPU.ActiveCfg = Release|Any CPU
		{9CBE2FAF-33EA-65C3-8353-17900FF5A28A}.Release|Any CPU.Build.0 = Release|Any CPU
	EndGlobalSection
	GlobalSection(SolutionProperties) = preSolution
		HideSolutionNode = FALSE
	EndGlobalSection
	GlobalSection(NestedProjects) = preSolution
		{1428D4EC-2852-5229-E098-4316FEBA5965} = {1DBD47E2-544B-F58A-27AE-70AE938492FA}
		{D09F34AB-F89D-68C0-C66F-EFA796693979} = {1428D4EC-2852-5229-E098-4316FEBA5965}
		{9FD9D2EC-F0EE-07C8-65E8-302906E7FE5A} = {1428D4EC-2852-5229-E098-4316FEBA5965}
		{CAD4B722-8F57-1FD4-E897-62662CD7F776} = {1428D4EC-2852-5229-E098-4316FEBA5965}
		{3C61D1DB-24C8-770F-53CA-36A100401DAA} = {1428D4EC-2852-5229-E098-4316FEBA5965}
		{5AC130CB-49BE-61CC-403C-38A03D048111} = {1428D4EC-2852-5229-E098-4316FEBA5965}
		{19FA0BCE-76FF-C0DF-D058-678E97342ADD} = {1428D4EC-2852-5229-E098-4316FEBA5965}
		{E914E78D-F071-5094-DEC2-E44A087125E4} = {1428D4EC-2852-5229-E098-4316FEBA5965}
		{71F6A3C3-7EAD-C7AD-7D18-CB1988A1FEF6} = {1428D4EC-2852-5229-E098-4316FEBA5965}
		{0DD5A2A1-7585-CAF3-AC3C-24DF8BC3AE1B} = {1428D4EC-2852-5229-E098-4316FEBA5965}
		{4E16850F-6A8C-0D07-F5AC-3290A320FBE8} = {1428D4EC-2852-5229-E098-4316FEBA5965}
		{9CBE2FAF-33EA-65C3-8353-17900FF5A28A} = {4E16850F-6A8C-0D07-F5AC-3290A320FBE8}
	EndGlobalSection
	GlobalSection(ExtensibilityGlobals) = postSolution
		SolutionGuid = {1F70F850-B16E-41CE-B145-67F23D332EE7}
	EndGlobalSection
EndGlobal
